
Microsoft Visual Studio Solution File, Format Version 12.00
# Visual Studio Version 17
VisualStudioVersion = 17.6.33723.286
MinimumVisualStudioVersion = 10.0.40219.1
Project("{FAE04EC0-301F-11D3-BF4B-00C04F79EFBC}") = "CA231107", "CA231107\CA231107.csproj", "{330DEC33-F880-450A-A208-DBB3AA5DC6AA}"
EndProject
Global
	GlobalSection(SolutionConfigurationPlatforms) = preSolution
		Debug|Any CPU = Debug|Any CPU
		Release|Any CPU = Release|Any CPU
	EndGlobalSection
	GlobalSection(ProjectConfigurationPlatforms) = postSolution
		{330DEC33-F880-450A-A208-DBB3AA5DC6AA}.Debug|Any CPU.ActiveCfg = Debug|Any CPU
		{330DEC33-F880-450A-A208-DBB3AA5DC6AA}.Debug|Any CPU.Build.0 = Debug|Any CPU
		{330DEC33-F880-450A-A208-DBB3AA5DC6AA}.Release|Any CPU.ActiveCfg = Release|Any CPU
		{330DEC33-F880-450A-A208-DBB3AA5DC6AA}.Release|Any CPU.Build.0 = Release|Any CPU
	EndGlobalSection
	GlobalSection(SolutionProperties) = preSolution
		HideSolutionNode = FALSE
	EndGlobalSection
	GlobalSection(ExtensibilityGlobals) = postSolution
		SolutionGuid = {84D72163-1F95-4CEF-AF5A-353F15E11ED5}
	EndGlobalSection
EndGlobal
